# @generated - this file is auto-generated by `mise lock` https://mise.en.dev/dev-tools/mise-lock.html

[[tools."aqua:anthropics/claude-code"]]
version = "2.1.126"
backend = "aqua:anthropics/claude-code"

[tools."aqua:anthropics/claude-code"."platforms.linux-arm64"]
url = "https://storage.googleapis.com/claude-code-dist-86c565f3-f756-42ad-8dfa-d59b1c096819/claude-code-releases/2.1.126/linux-arm64/claude"

[tools."aqua:anthropics/claude-code"."platforms.linux-arm64-musl"]
url = "https://storage.googleapis.com/claude-code-dist-86c565f3-f756-42ad-8dfa-d59b1c096819/claude-code-releases/2.1.126/linux-arm64/claude"

[tools."aqua:anthropics/claude-code"."platforms.linux-x64"]
url = "https://storage.googleapis.com/claude-code-dist-86c565f3-f756-42ad-8dfa-d59b1c096819/claude-code-releases/2.1.126/linux-x64/claude"

[tools."aqua:anthropics/claude-code"."platforms.linux-x64-musl"]
url = "https://storage.googleapis.com/claude-code-dist-86c565f3-f756-42ad-8dfa-d59b1c096819/claude-code-releases/2.1.126/linux-x64/claude"

[tools."aqua:anthropics/claude-code"."platforms.macos-arm64"]
checksum = "blake3:de244fa1f2a3b8dc439d3c6d4cfe6f0739cb944427ffadc2b14f3db36b785b8d"
url = "https://storage.googleapis.com/claude-code-dist-86c565f3-f756-42ad-8dfa-d59b1c096819/claude-code-releases/2.1.126/darwin-arm64/claude"

[tools."aqua:anthropics/claude-code"."platforms.macos-x64"]
url = "https://storage.googleapis.com/claude-code-dist-86c565f3-f756-42ad-8dfa-d59b1c096819/claude-code-releases/2.1.126/darwin-x64/claude"

[[tools."aqua:cli/cli"]]
version = "2.92.0"
backend = "aqua:cli/cli"

[tools."aqua:cli/cli"."platforms.linux-arm64"]
checksum = "sha256:c2248526dd0160c08d3fccca2332c3c1a07c15a78b23978e77735f1b5a18cfee"
url = "https://github.com/cli/cli/releases/download/v2.92.0/gh_2.92.0_linux_arm64.tar.gz"
provenance = "github-attestations"

[tools."aqua:cli/cli"."platforms.linux-arm64-musl"]
checksum = "sha256:c2248526dd0160c08d3fccca2332c3c1a07c15a78b23978e77735f1b5a18cfee"
url = "https://github.com/cli/cli/releases/download/v2.92.0/gh_2.92.0_linux_arm64.tar.gz"
provenance = "github-attestations"

[tools."aqua:cli/cli"."platforms.linux-x64"]
checksum = "sha256:b57848131bdf0c229cd35e1f2a51aa718199858b2e728410b37e89a428943ec4"
url = "https://github.com/cli/cli/releases/download/v2.92.0/gh_2.92.0_linux_amd64.tar.gz"
provenance = "github-attestations"

[tools."aqua:cli/cli"."platforms.linux-x64-musl"]
checksum = "sha256:b57848131bdf0c229cd35e1f2a51aa718199858b2e728410b37e89a428943ec4"
url = "https://github.com/cli/cli/releases/download/v2.92.0/gh_2.92.0_linux_amd64.tar.gz"
provenance = "github-attestations"

[tools."aqua:cli/cli"."platforms.macos-arm64"]
checksum = "sha256:b11c54f6bd7d15ed6590475079e5b2fcf36f45d3991a80041b29c9d0cc1f1d07"
url = "https://github.com/cli/cli/releases/download/v2.92.0/gh_2.92.0_macOS_arm64.zip"
provenance = "github-attestations"

[tools."aqua:cli/cli"."platforms.macos-x64"]
checksum = "sha256:ae9bb327ab0d91071bdada79f8f14034a2a0f19b0e001835a782eafa519d2af0"
url = "https://github.com/cli/cli/releases/download/v2.92.0/gh_2.92.0_macOS_amd64.zip"
provenance = "github-attestations"

[tools."aqua:cli/cli"."platforms.windows-x64"]
checksum = "sha256:b6a8df3c8c6b9c80f290906387673bc4d272840f3789c5650e0e4e6e75522785"
url = "https://github.com/cli/cli/releases/download/v2.92.0/gh_2.92.0_windows_amd64.zip"
provenance = "github-attestations"

[[tools.elixir]]
version = "1.19.1"
backend = "core:elixir"

[[tools.erlang]]
version = "28.1.1"
backend = "core:erlang"

[[tools.fnox]]
version = "1.23.1"
backend = "github:jdx/fnox"

[tools.fnox."platforms.linux-arm64"]
checksum = "sha256:de4c06fc8851ad4be8109d077d0362ee8603ae0aac0cbffb715ac89e2238f2c4"
url = "https://github.com/jdx/fnox/releases/download/v1.23.1/fnox-aarch64-unknown-linux-gnu.tar.gz"
url_api = "https://api.github.com/repos/jdx/fnox/releases/assets/410690612"

[tools.fnox."platforms.linux-arm64-musl"]
checksum = "sha256:c7a9c2e80346e7ebb175a033856549c3bbefe7fafda3d34fca3f5cd33dc2a9f3"
url = "https://github.com/jdx/fnox/releases/download/v1.23.1/fnox-aarch64-unknown-linux-musl.tar.gz"
url_api = "https://api.github.com/repos/jdx/fnox/releases/assets/410690611"

[tools.fnox."platforms.linux-x64"]
checksum = "sha256:021c4fe683e109b616a4b936117c60e63f351b4000bd0999f0110f3088fc7f58"
url = "https://github.com/jdx/fnox/releases/download/v1.23.1/fnox-x86_64-unknown-linux-gnu.tar.gz"
url_api = "https://api.github.com/repos/jdx/fnox/releases/assets/410690622"

[tools.fnox."platforms.linux-x64-musl"]
checksum = "sha256:8c78f965d5e655c3ea025551baf8d19c2e588ed9911b706deb6a7211bfbc7b9a"
url = "https://github.com/jdx/fnox/releases/download/v1.23.1/fnox-x86_64-unknown-linux-musl.tar.gz"
url_api = "https://api.github.com/repos/jdx/fnox/releases/assets/410690624"

[tools.fnox."platforms.macos-arm64"]
checksum = "sha256:f92d60ee4bb669b97a500f000fe053f92f7cbf0817ed4678e5b0f506d1357dd6"
url = "https://github.com/jdx/fnox/releases/download/v1.23.1/fnox-aarch64-apple-darwin.tar.gz"
url_api = "https://api.github.com/repos/jdx/fnox/releases/assets/410690610"
provenance = "github-attestations"

[tools.fnox."platforms.macos-x64"]
checksum = "sha256:0b09405d648387a163d3f21be3e88972332d3fa04e5db55955726890a3f22877"
url = "https://github.com/jdx/fnox/releases/download/v1.23.1/fnox-x86_64-apple-darwin.tar.gz"
url_api = "https://api.github.com/repos/jdx/fnox/releases/assets/410690609"

[tools.fnox."platforms.windows-x64"]
checksum = "sha256:ea8b2569d8667c7644a25efd22546aff9dc1ac4eeb62c9c1dd4469e5f2bb34ff"
url = "https://github.com/jdx/fnox/releases/download/v1.23.1/fnox-x86_64-pc-windows-msvc.zip"
url_api = "https://api.github.com/repos/jdx/fnox/releases/assets/410690623"

[[tools.node]]
version = "18.17.1"
backend = "core:node"

[tools.node."platforms.linux-arm64"]
checksum = "sha256:8f5203f5c6dc44ea50ac918b7ecbdb1c418e4f3d9376d8232a1ef9ff38f9c480"
url = "https://nodejs.org/dist/v18.17.1/node-v18.17.1-linux-arm64.tar.gz"

[tools.node."platforms.linux-arm64-musl"]
url = "https://unofficial-builds.nodejs.org/download/release/v18.17.1/node-v18.17.1-linux-arm64-musl.tar.gz"

[tools.node."platforms.linux-x64"]
checksum = "sha256:2cb75f2bc04b0a3498733fbee779b2f76fe3f655188b4ac69ef2887b6721da2d"
url = "https://nodejs.org/dist/v18.17.1/node-v18.17.1-linux-x64.tar.gz"

[tools.node."platforms.linux-x64-musl"]
checksum = "sha256:e099ada03e2a5634f2e6e41b47c88ec4240b942a06f7956a1fd90bb7254e4d01"
url = "https://unofficial-builds.nodejs.org/download/release/v18.17.1/node-v18.17.1-linux-x64-musl.tar.gz"

[tools.node."platforms.macos-arm64"]
checksum = "sha256:18ca716ea57522b90473777cb9f878467f77fdf826d37beb15a0889fdd74533e"
url = "https://nodejs.org/dist/v18.17.1/node-v18.17.1-darwin-arm64.tar.gz"

[tools.node."platforms.macos-x64"]
checksum = "sha256:b3e083d2715f07ec3f00438401fb58faa1e0bdf3c7bde9f38b75ed17809d92fa"
url = "https://nodejs.org/dist/v18.17.1/node-v18.17.1-darwin-x64.tar.gz"

[tools.node."platforms.windows-x64"]
checksum = "sha256:afc83f5cf6e8b45a4d3fb842904f604dcd271fefada31ad6654f8302f8da28c9"
url = "https://nodejs.org/dist/v18.17.1/node-v18.17.1-win-x64.zip"

[[tools.podman]]
version = "5.8.2"
backend = "github:containers/podman"

[tools.podman."platforms.linux-arm64"]
checksum = "sha256:7c93faf3cdfa25f920bfcdc2e7d449a4224dd3e618eff08bf88456d70b471535"
url = "https://github.com/containers/podman/releases/download/v5.8.2/podman-remote-static-linux_arm64.tar.gz"
url_api = "https://api.github.com/repos/containers/podman/releases/assets/396393574"

[tools.podman."platforms.linux-arm64-musl"]
checksum = "sha256:7c93faf3cdfa25f920bfcdc2e7d449a4224dd3e618eff08bf88456d70b471535"
url = "https://github.com/containers/podman/releases/download/v5.8.2/podman-remote-static-linux_arm64.tar.gz"
url_api = "https://api.github.com/repos/containers/podman/releases/assets/396393574"

[tools.podman."platforms.linux-x64"]
checksum = "sha256:88f7c21e8399a8f5edd1ef7b5c2e12b29706d0a4f24463f264a0e88d887ebbbf"
url = "https://github.com/containers/podman/releases/download/v5.8.2/podman-remote-static-linux_amd64.tar.gz"
url_api = "https://api.github.com/repos/containers/podman/releases/assets/396393573"

[tools.podman."platforms.linux-x64-musl"]
checksum = "sha256:88f7c21e8399a8f5edd1ef7b5c2e12b29706d0a4f24463f264a0e88d887ebbbf"
url = "https://github.com/containers/podman/releases/download/v5.8.2/podman-remote-static-linux_amd64.tar.gz"
url_api = "https://api.github.com/repos/containers/podman/releases/assets/396393573"

[tools.podman."platforms.macos-arm64"]
checksum = "sha256:2379bcb0bf320df5deccf84115337109d3f9051f7d017948ee68a92ce932e798"
url = "https://github.com/containers/podman/releases/download/v5.8.2/podman-remote-release-darwin_arm64.zip"
url_api = "https://api.github.com/repos/containers/podman/releases/assets/396393567"

[tools.podman."platforms.macos-x64"]
checksum = "sha256:8c54f845651fd606512debd509a273f7a8d20e6ab0adb372a46863608275aa78"
url = "https://github.com/containers/podman/releases/download/v5.8.2/podman-remote-release-darwin_amd64.zip"
url_api = "https://api.github.com/repos/containers/podman/releases/assets/396393565"

[tools.podman."platforms.windows-x64"]
checksum = "sha256:1b60aae4bd4879c3932c283d2070bb87116ec1f0ab3a4a98eff7e65f318f9e4e"
url = "https://github.com/containers/podman/releases/download/v5.8.2/podman-remote-release-windows_amd64.zip"
url_api = "https://api.github.com/repos/containers/podman/releases/assets/396393568"

[[tools."vfox:mise-plugins/vfox-1password"]]
version = "2.34.0"
backend = "vfox:mise-plugins/vfox-1password"

[tools."vfox:mise-plugins/vfox-1password"."platforms.linux-arm64"]
url = "https://cache.agilebits.com/dist/1P/op2/pkg/v2.34.0/op_linux_arm64_v2.34.0.zip"

[tools."vfox:mise-plugins/vfox-1password"."platforms.linux-arm64-musl"]
url = "https://cache.agilebits.com/dist/1P/op2/pkg/v2.34.0/op_linux_arm64_v2.34.0.zip"

[tools."vfox:mise-plugins/vfox-1password"."platforms.linux-x64"]
url = "https://cache.agilebits.com/dist/1P/op2/pkg/v2.34.0/op_linux_amd64_v2.34.0.zip"

[tools."vfox:mise-plugins/vfox-1password"."platforms.linux-x64-musl"]
url = "https://cache.agilebits.com/dist/1P/op2/pkg/v2.34.0/op_linux_amd64_v2.34.0.zip"

[tools."vfox:mise-plugins/vfox-1password"."platforms.macos-arm64"]
url = "https://cache.agilebits.com/dist/1P/op2/pkg/v2.34.0/op_darwin_arm64_v2.34.0.zip"

[tools."vfox:mise-plugins/vfox-1password"."platforms.macos-x64"]
url = "https://cache.agilebits.com/dist/1P/op2/pkg/v2.34.0/op_darwin_amd64_v2.34.0.zip"

[tools."vfox:mise-plugins/vfox-1password"."platforms.windows-x64"]
url = "https://cache.agilebits.com/dist/1P/op2/pkg/v2.34.0/op_windows_amd64_v2.34.0.zip"
